<?xml version="1.0" encoding="utf-8"?>
<Project ToolsVersion="4.0" xmlns="http://schemas.microsoft.com/developer/msbuild/2003">
  <ItemGroup>
    <Filter Include="Graphic Engine">
      <UniqueIdentifier>{94e29623-4f2f-4a6f-96cb-2b65a4e89955}</UniqueIdentifier>
    </Filter>
    <Filter Include="Logic">
      <UniqueIdentifier>{0d57f051-9196-4bd6-b242-5604360d3eb0}</UniqueIdentifier>
    </Filter>
  </ItemGroup>
  <ItemGroup>
    <ClInclude Include="FilledGraphic.h">
      <Filter>Graphic Engine</Filter>
    </ClInclude>
    <ClInclude Include="Graphic.h">
      <Filter>Graphic Engine</Filter>
    </ClInclude>
    <ClInclude Include="GraphicEngine.h">
      <Filter>Graphic Engine</Filter>
    </ClInclude>
    <ClInclude Include="Shape.h">
      <Filter>Graphic Engine</Filter>
    </ClInclude>
    <ClInclude Include="StrokedGraphic.h">
      <Filter>Graphic Engine</Filter>
    </ClInclude>
    <ClInclude Include="Stdafx.h" />
    <ClInclude Include="Ant.h">
      <Filter>Logic</Filter>
    </ClInclude>
    <ClInclude Include="Cell.h">
      <Filter>Logic</Filter>
    </ClInclude>
    <ClInclude Include="Direction.h">
      <Filter>Logic</Filter>
    </ClInclude>
    <ClInclude Include="LangtonAntEngine.h">
      <Filter>Logic</Filter>
    </ClInclude>
  </ItemGroup>
  <ItemGroup>
    <ClCompile Include="GraphicEngine.cpp">
      <Filter>Graphic Engine</Filter>
    </ClCompile>
    <ClCompile Include="Shape.cpp">
      <Filter>Graphic Engine</Filter>
    </ClCompile>
    <ClCompile Include="AssemblyInfo.cpp" />
    <ClCompile Include="Stdafx.cpp" />
    <ClCompile Include="Ant.cpp">
      <Filter>Logic</Filter>
    </ClCompile>
    <ClCompile Include="Cell.cpp">
      <Filter>Logic</Filter>
    </ClCompile>
    <ClCompile Include="LangtonAntEngine.cpp">
      <Filter>Logic</Filter>
    </ClCompile>
  </ItemGroup>
</Project>